
Microsoft Visual Studio Solution File, Format Version 12.00
# Visual Studio Version 17
VisualStudioVersion = 17.3.32929.385
MinimumVisualStudioVersion = 10.0.40219.1
Project("{FAE04EC0-301F-11D3-BF4B-00C04F79EFBC}") = "Q1 1A2B 遊戲", "1A2B 遊戲\Q1 1A2B 遊戲.csproj", "{B51C14DF-F302-4F09-BE91-87EDF8AD040B}"
EndProject
Project("{FAE04EC0-301F-11D3-BF4B-00C04F79EFBC}") = "Q2四顆骰子的遊戲", "Q2四顆骰子的遊戲\Q2四顆骰子的遊戲.csproj", "{FCE53522-8E4C-4EEC-8D96-34BA12065574}"
EndProject
Global
	GlobalSection(SolutionConfigurationPlatforms) = preSolution
		Debug|Any CPU = Debug|Any CPU
		Release|Any CPU = Release|Any CPU
	EndGlobalSection
	GlobalSection(ProjectConfigurationPlatforms) = postSolution
		{B51C14DF-F302-4F09-BE91-87EDF8AD040B}.Debug|Any CPU.ActiveCfg = Debug|Any CPU
		{B51C14DF-F302-4F09-BE91-87EDF8AD040B}.Debug|Any CPU.Build.0 = Debug|Any CPU
		{B51C14DF-F302-4F09-BE91-87EDF8AD040B}.Release|Any CPU.ActiveCfg = Release|Any CPU
		{B51C14DF-F302-4F09-BE91-87EDF8AD040B}.Release|Any CPU.Build.0 = Release|Any CPU
		{FCE53522-8E4C-4EEC-8D96-34BA12065574}.Debug|Any CPU.ActiveCfg = Debug|Any CPU
		{FCE53522-8E4C-4EEC-8D96-34BA12065574}.Debug|Any CPU.Build.0 = Debug|Any CPU
		{FCE53522-8E4C-4EEC-8D96-34BA12065574}.Release|Any CPU.ActiveCfg = Release|Any CPU
		{FCE53522-8E4C-4EEC-8D96-34BA12065574}.Release|Any CPU.Build.0 = Release|Any CPU
	EndGlobalSection
	GlobalSection(SolutionProperties) = preSolution
		HideSolutionNode = FALSE
	EndGlobalSection
	GlobalSection(ExtensibilityGlobals) = postSolution
		SolutionGuid = {71AB8A23-2E97-4F0D-B42A-307A131B7740}
	EndGlobalSection
EndGlobal
